<?xml version="1.0" encoding="utf-8"?>
<Project ToolsVersion="4.0" xmlns="http://schemas.microsoft.com/developer/msbuild/2003">
  <ItemGroup>
    <Filter Include="Source Files">
      <UniqueIdentifier>{4FC737F1-C7A5-4376-A066-2A32D752A2FF}</UniqueIdentifier>
      <Extensions>cpp;c;cc;cxx;def;odl;idl;hpj;bat;asm;asmx</Extensions>
    </Filter>
    <Filter Include="Header Files">
      <UniqueIdentifier>{93995380-89BD-4b04-88EB-625FBE52EBFB}</UniqueIdentifier>
      <Extensions>h;hh;hpp;hxx;hm;inl;inc;xsd</Extensions>
    </Filter>
    <Filter Include="Resource Files">
      <UniqueIdentifier>{67DA6AB6-F800-4c08-8B7A-83BB121AAD01}</UniqueIdentifier>
      <Extensions>rc;ico;cur;bmp;dlg;rc2;rct;bin;rgs;gif;jpg;jpeg;jpe;resx;tiff;tif;png;wav;mfcribbon-ms</Extensions>
    </Filter>
    <Filter Include="Header Files\Base Classes">
      <UniqueIdentifier>{fc2d3cd4-6065-437a-9186-e7385197f951}</UniqueIdentifier>
    </Filter>
    <Filter Include="Header Files\Derived Classes">
      <UniqueIdentifier>{cfb9496b-7cd4-40c4-b5fe-fa81c0346086}</UniqueIdentifier>
    </Filter>
    <Filter Include="Source Files\Base Classes">
      <UniqueIdentifier>{1a46a2c1-cc6a-4d4d-b828-83b46973c52b}</UniqueIdentifier>
    </Filter>
    <Filter Include="Header Files\Other">
      <UniqueIdentifier>{19dd2418-3c14-4bd0-8e6b-3eddbfc80656}</UniqueIdentifier>
    </Filter>
    <Filter Include="Header Files\Interface">
      <UniqueIdentifier>{d2abedaf-3202-496d-b880-72d0db23371d}</UniqueIdentifier>
    </Filter>
    <Filter Include="Source Files\Derived Classes">
      <UniqueIdentifier>{4d6c7888-0468-4efd-8c4a-4ee1b47a63bc}</UniqueIdentifier>
    </Filter>
    <Filter Include="Source Files\Interface">
      <UniqueIdentifier>{3833ae9d-8569-4e66-9c19-053f98e47bca}</UniqueIdentifier>
    </Filter>
    <Filter Include="Text">
      <UniqueIdentifier>{aff30d43-5084-47cc-aca4-9a9b42df7be5}</UniqueIdentifier>
    </Filter>
  </ItemGroup>
  <ItemGroup>
    <Text Include="ReadMe.txt" />
    <Text Include="Read.txt">
      <Filter>Text</Filter>
    </Text>
    <Text Include="StockTestTemplate.txt">
      <Filter>Text</Filter>
    </Text>
    <Text Include="StockWinMainFunction.txt">
      <Filter>Text</Filter>
    </Text>
    <Text Include="StockWndProcFunction.txt">
      <Filter>Text</Filter>
    </Text>
  </ItemGroup>
  <ItemGroup>
    <ClInclude Include="Background.h">
      <Filter>Header Files\Base Classes</Filter>
    </ClInclude>
    <ClInclude Include="Bitmap.h">
      <Filter>Header Files\Base Classes</Filter>
    </ClInclude>
    <ClInclude Include="GameEngine.h">
      <Filter>Header Files\Base Classes</Filter>
    </ClInclude>
    <ClInclude Include="MIDIPlayer.h">
      <Filter>Header Files\Base Classes</Filter>
    </ClInclude>
    <ClInclude Include="Sprite.h">
      <Filter>Header Files\Base Classes</Filter>
    </ClInclude>
    <ClInclude Include="SpriteManager.h">
      <Filter>Header Files\Base Classes</Filter>
    </ClInclude>
    <ClInclude Include="Wrapper.h">
      <Filter>Header Files\Base Classes</Filter>
    </ClInclude>
    <ClInclude Include="GameID.h">
      <Filter>Header Files\Other</Filter>
    </ClInclude>
    <ClInclude Include="GameInterface.h">
      <Filter>Header Files\Interface</Filter>
    </ClInclude>
    <ClInclude Include="GEN_Namespace.h">
      <Filter>Header Files\Other</Filter>
    </ClInclude>
  </ItemGroup>
  <ItemGroup>
    <ClCompile Include="Background.cpp">
      <Filter>Source Files\Base Classes</Filter>
    </ClCompile>
    <ClCompile Include="Bitmap.cpp">
      <Filter>Source Files\Base Classes</Filter>
    </ClCompile>
    <ClCompile Include="GameEngine.cpp">
      <Filter>Source Files\Base Classes</Filter>
    </ClCompile>
    <ClCompile Include="GameInterface.cpp">
      <Filter>Source Files\Interface</Filter>
    </ClCompile>
    <ClCompile Include="MIDIPlayer.cpp">
      <Filter>Source Files\Base Classes</Filter>
    </ClCompile>
    <ClCompile Include="Sprite.cpp">
      <Filter>Source Files\Base Classes</Filter>
    </ClCompile>
    <ClCompile Include="SpriteManager.cpp">
      <Filter>Source Files\Base Classes</Filter>
    </ClCompile>
    <ClCompile Include="Wrapper.cpp">
      <Filter>Source Files\Base Classes</Filter>
    </ClCompile>
  </ItemGroup>
</Project>